
Microsoft Visual Studio Solution File, Format Version 12.00
# Visual Studio Version 17
VisualStudioVersion = 17.5.002.0
MinimumVisualStudioVersion = 10.0.40219.1
Project("{9A19103F-16F7-4668-BE54-9A1E7A4F7556}") = "Enterprise_Riwi", "Enterprise_Riwi.csproj", "{C6ED7A92-177B-4B12-AB0D-D8A29D78EBE8}"
EndProject
Global
	GlobalSection(SolutionConfigurationPlatforms) = preSolution
		Debug|Any CPU = Debug|Any CPU
		Release|Any CPU = Release|Any CPU
	EndGlobalSection
	GlobalSection(ProjectConfigurationPlatforms) = postSolution
		{C6ED7A92-177B-4B12-AB0D-D8A29D78EBE8}.Debug|Any CPU.ActiveCfg = Debug|Any CPU
		{C6ED7A92-177B-4B12-AB0D-D8A29D78EBE8}.Debug|Any CPU.Build.0 = Debug|Any CPU
		{C6ED7A92-177B-4B12-AB0D-D8A29D78EBE8}.Release|Any CPU.ActiveCfg = Release|Any CPU
		{C6ED7A92-177B-4B12-AB0D-D8A29D78EBE8}.Release|Any CPU.Build.0 = Release|Any CPU
	EndGlobalSection
	GlobalSection(SolutionProperties) = preSolution
		HideSolutionNode = FALSE
	EndGlobalSection
	GlobalSection(ExtensibilityGlobals) = postSolution
		SolutionGuid = {5122350A-3681-4E30-A548-6B6F6BD868A9}
	EndGlobalSection
EndGlobal
